
Microsoft Visual Studio Solution File, Format Version 12.00
# Visual Studio Version 17
VisualStudioVersion = 17.9.34714.143
MinimumVisualStudioVersion = 10.0.40219.1
Project("{8BC9CEB8-8B4A-11D0-8D11-00A0C91BC942}") = "write_11", "write_11.vcxproj", "{A9BB5BA6-F17A-4753-B34A-1C7D8AFEDF7E}"
EndProject
Global
	GlobalSection(SolutionConfigurationPlatforms) = preSolution
		Debug|x64 = Debug|x64
		Debug|x86 = Debug|x86
		Release|x64 = Release|x64
		Release|x86 = Release|x86
	EndGlobalSection
	GlobalSection(ProjectConfigurationPlatforms) = postSolution
		{A9BB5BA6-F17A-4753-B34A-1C7D8AFEDF7E}.Debug|x64.ActiveCfg = Debug|x64
		{A9BB5BA6-F17A-4753-B34A-1C7D8AFEDF7E}.Debug|x64.Build.0 = Debug|x64
		{A9BB5BA6-F17A-4753-B34A-1C7D8AFEDF7E}.Debug|x86.ActiveCfg = Debug|Win32
		{A9BB5BA6-F17A-4753-B34A-1C7D8AFEDF7E}.Debug|x86.Build.0 = Debug|Win32
		{A9BB5BA6-F17A-4753-B34A-1C7D8AFEDF7E}.Release|x64.ActiveCfg = Release|x64
		{A9BB5BA6-F17A-4753-B34A-1C7D8AFEDF7E}.Release|x64.Build.0 = Release|x64
		{A9BB5BA6-F17A-4753-B34A-1C7D8AFEDF7E}.Release|x86.ActiveCfg = Release|Win32
		{A9BB5BA6-F17A-4753-B34A-1C7D8AFEDF7E}.Release|x86.Build.0 = Release|Win32
	EndGlobalSection
	GlobalSection(SolutionProperties) = preSolution
		HideSolutionNode = FALSE
	EndGlobalSection
	GlobalSection(ExtensibilityGlobals) = postSolution
		SolutionGuid = {73029108-2FF7-4331-A189-651D4CE89570}
	EndGlobalSection
EndGlobal
